github.com/PuerkitoBio/purell v1.1.0 h1:rmGxhojJlM0tuKtfdvliR84CFHljx9ag64t2xmVkjK4=
github.com/PuerkitoBio/purell v1.1.0/go.mod h1:c11w/QuzBsJSee3cPx9rAFu61PvFxuPbtSwDGJws/X0=
github.com/PuerkitoBio/urlesc v0.0.0-20160726150825-5bd2802263f2 h1:JCHLVE3B+kJde7bIEo5N4J+ZbLhp0J1Fs+ulyRws4gE=
github.com/PuerkitoBio/urlesc v0.0.0-20160726150825-5bd2802263f2/go.mod h1:uGdkoq3SwY9Y+13GIhn11/XLaGBb4BfwItxLd5jeuXE=
github.com/davecgh/go-spew v1.1.0 h1:ZDRjVQ15GmhC3fiQ8ni8+OwkZQO4DARzQgrnXU1Liz8=
github.com/davecgh/go-spew v1.1.0/go.mod h1:J7Y8YcW2NihsgmVo/mv3lAwl/skON4iLHjSsI+c5H38=
github.com/elazarl/go-bindata-assetfs v0.0.0-20160822204401-9a6736ed45b4 h1:Jg5/sOI1MJzw6u2J1qA3Nu6JvdHE1ulquzMn/sscg2Y=
github.com/elazarl/go-bindata-assetfs v0.0.0-20160822204401-9a6736ed45b4/go.mod h1:v+YaWX3bdea5J/mo8dSETolEo7R71Vk1u8bnjau5yw4=
github.com/emicklei/go-restful v0.0.0-20170211123945-371e2e97d294 h1:OOMRPOENgj2jSWldaqsK5W6894oAPF4c46siCnOljsg=
github.com/emicklei/go-restful v0.0.0-20170211123945-371e2e97d294/go.mod h1:otzb+WCGbkyDHkqmQmT5YD2WR4BBwUdeQoFo8l/7tVs=
github.com/emicklei/go-restful-openapi v0.0.0-20170213135326-3df0ad14579e h1:/V9vqVlHq/puTAhJ6zNhnUKvJVvfW1D4jE8AGa9MhIk=
github.com/emicklei/go-restful-openapi v0.0.0-20170213135326-3df0ad14579e/go.mod h1:Q+bHVYfUWv1fvC4FNTsz2AVvFSsXAC7RCiWjF1Sva1A=
github.com/go-openapi/jsonpointer v0.0.0-20170102174223-779f45308c19 h1:UmnefiS/Yrdfl15NXUA9T51lyQf72tCvWHfOiRLd1+g=
github.com/go-openapi/jsonpointer v0.0.0-20170102174223-779f45308c19/go.mod h1:+35s3my2LFTysnkMfxsJBAMHj/DoqoB9knIWoYG/Vk0=
github.com/go-openapi/jsonreference v0.0.0-20161105162150-36d33bfe519e h1:gbNUNGpVJLxaXBxI7iCHZdg3PwgLOJ9lPQGVINRrC9E=
github.com/go-openapi/jsonreference v0.0.0-20161105162150-36d33bfe519e/go.mod h1:W3Z9FmVs9qj+KR4zFKmDPGiLdk1D9Rlm7cyMvf57TTg=
github.com/go-openapi/spec v0.0.0-20170203151651-02fb9cd3430e h1:GDLpb3cF70CuRrbEL0IiP8If5p6ExIm7ZjfIeLffXRw=
github.com/go-openapi/spec v0.0.0-20170203151651-02fb9cd3430e/go.mod h1:J8+jY1nAiCcj+friV/PDoE1/3eeccG9LYBs0tYvLOWc=
github.com/go-openapi/swag v0.0.0-20170129222639-d5f8ebc3b1c5 h1:JR4pouAIYA5IeGRgqZJOs7ABOCV25gac6qThbswLfe4=
github.com/go-openapi/swag v0.0.0-20170129222639-d5f8ebc3b1c5/go.mod h1:DXUve3Dpr1UfpPtxFw+EFuQ41HhCWZfha5jSVRG7C7I=
github.com/mailru/easyjson v0.0.0-20170131140756-99e922cf9de1 h1:7ePx9AjS1M4y6QqKIkXYAbdXTx45yYahBUJ5gZnBmYA=
github.com/mailru/easyjson v0.0.0-20170131140756-99e922cf9de1/go.mod h1:C1wdFJiN94OJF2b5HbByQZoLdCWB1Yqtg26g4irojpc=
github.com/pmezard/go-difflib v1.0.0 h1:4DBwDE0NGyQoBHbLQYPwSUPoCMWR5BEzIk/f1lZbAQM=
github.com/pmezard/go-difflib v1.0.0/go.mod h1:iKH77koFhYxTK1pcRnkKkqfTogsbg7gZNVY4sRDYZ/4=
github.com/russross/blackfriday v0.0.0-20161003162722-5f33e7b78783 h1:1eSLYLjro0wlXBMziLBPhM5mBmMi1Fo4bB1N2ku+hO4=
github.com/russross/blackfriday v0.0.0-20161003162722-5f33e7b78783/go.mod h1:JO/DiYxRf+HjHt06OyowR9PTA263kcR/rfWxYHBV53g=
github.com/shurcooL/sanitized_anchor_name v0.0.0-20160918041101-1dba4b3954bc h1:3wIrJvFb3Pf6B/2mDBnN1G5IfUVev4X5apadQlWOczE=
github.com/shurcooL/sanitized_anchor_name v0.0.0-20160918041101-1dba4b3954bc/go.mod h1:1NzhyTcUVG4SuEtjjoZeVRXNmyL/1OwPU0+IJeTBvfc=
github.com/stretchr/objx v0.1.0/go.mod h1:HFkY916IF+rwdDfMAkV7OtwuqBVzrE8GR6GFx+wExME=
github.com/stretchr/testify v1.4.0 h1:2E4SXV/wtOkTonXsotYi4li6zVWxYlZuYNCXe9XRJyk=
github.com/stretchr/testify v1.4.0/go.mod h1:j7eGeouHqKxXV5pUuKE4zz7dFj8WfuZ+81PSLYec5m4=
golang.org/x/net v0.0.0-20170114055629-f2499483f923 h1:cLl2p2++IYXqH4YzQ7uIc7QLOa4SU0x1vSy9Da++V94=
golang.org/x/net v0.0.0-20170114055629-f2499483f923/go.mod h1:mL1N/T3taQHkDXs73rZJwtUhF3w3ftmwwsq0BUmARs4=
golang.org/x/text v0.0.0-20170117123646-11dbc599981c h1:Rj9PFQoguQfms0jOhkwNVuwmoHv/4pZzugFcOvnbzxM=
golang.org/x/text v0.0.0-20170117123646-11dbc599981c/go.mod h1:NqM8EUOU14njkJ3fqMW+pc6Ldnwhi/IjpwHt7yyuwOQ=
gopkg.in/check.v1 v0.0.0-20161208181325-20d25e280405 h1:yhCVgyC4o1eVCa2tZl7eS0r+SDo693bJlVdllGtEeKM=
gopkg.in/check.v1 v0.0.0-20161208181325-20d25e280405/go.mod h1:Co6ibVJAznAaIkqp8huTwlJQCZ016jof/cbN4VW5Yz0=
gopkg.in/yaml.v2 v2.2.2 h1:ZCJp+EgiOT7lHqUV2J862kp8Qj64Jo6az82+3Td9dZw=
gopkg.in/yaml.v2 v2.2.2/go.mod h1:hI93XBmqTisBFMUTm0b8Fm+jr3Dg1NNxqwp+5A1VGuI=
