# This file is autogenerated, do not edit; changes may be undone by the next 'dep ensure'.


[[projects]]
  name = "github.com/PuerkitoBio/purell"
  packages = ["."]
  revision = "0bcb03f4b4d0a9428594752bd2a3b9aa0a9d4bd4"
  version = "v1.1.0"

[[projects]]
  name = "github.com/PuerkitoBio/urlesc"
  packages = ["."]
  revision = "5bd2802263f21d8788851d5305584c82a5c75d7e"

[[projects]]
  name = "github.com/elazarl/go-bindata-assetfs"
  packages = ["."]
  revision = "9a6736ed45b44bf3835afeebb3034b57ed329f3e"

[[projects]]
  name = "github.com/emicklei/go-restful"
  packages = [
    ".",
    "log"
  ]
  revision = "371e2e97d294f258c59be5b2522958ce20ff461a"
  version = "2.1.0"

[[projects]]
  name = "github.com/emicklei/go-restful-openapi"
  packages = ["."]
  revision = "3df0ad14579eb5d2ca558a3d0102bd478d9616b1"

[[projects]]
  branch = "master"
  name = "github.com/go-openapi/jsonpointer"
  packages = ["."]
  revision = "779f45308c19820f1a69e9a4cd965f496e0da10f"

[[projects]]
  branch = "master"
  name = "github.com/go-openapi/jsonreference"
  packages = ["."]
  revision = "36d33bfe519efae5632669801b180bf1a245da3b"

[[projects]]
  name = "github.com/go-openapi/spec"
  packages = ["."]
  revision = "02fb9cd3430ed0581e0ceb4804d5d4b3cc702694"

[[projects]]
  name = "github.com/go-openapi/swag"
  packages = ["."]
  revision = "d5f8ebc3b1c55a4cf6489eeae7354f338cfe299e"

[[projects]]
  name = "github.com/mailru/easyjson"
  packages = [
    "buffer",
    "jlexer",
    "jwriter"
  ]
  revision = "99e922cf9de1bc0ab38310c277cff32c2147e747"

[[projects]]
  name = "github.com/russross/blackfriday"
  packages = ["."]
  revision = "5f33e7b7878355cd2b7e6b8eefc48a5472c69f70"

[[projects]]
  name = "github.com/shurcooL/sanitized_anchor_name"
  packages = ["."]
  revision = "1dba4b3954bc059efc3991ec364f9f9a35f597d2"

[[projects]]
  name = "golang.org/x/net"
  packages = ["idna"]
  revision = "f2499483f923065a842d38eb4c7f1927e6fc6e6d"

[[projects]]
  name = "golang.org/x/text"
  packages = [
    "internal/gen",
    "internal/triegen",
    "internal/ucd",
    "transform",
    "unicode/cldr",
    "unicode/norm",
    "width"
  ]
  revision = "11dbc599981ccdf4fb18802a28392a8bcf7a9395"

[solve-meta]
  analyzer-name = "dep"
  analyzer-version = 1
  inputs-digest = "5cd469382a60017c1d565d17b5c387b103eccc809bd8e56d76409dff8c1824a4"
  solver-name = "gps-cdcl"
  solver-version = 1
